// !$*UTF8*$!
{
	archiveVersion = 1;
	classes = {
	};
	objectVersion = 56;
	objects = {

/* Begin PBXBuildFile section */
		A566D1EB2BCEA36700A1D4D5 /* Unsplash_AssignmentApp.swift in Sources */ = {isa = PBXBuildFile; fileRef = A566D1EA2BCEA36700A1D4D5 /* Unsplash_AssignmentApp.swift */; };
		A566D1ED2BCEA36700A1D4D5 /* HomeScreenView.swift in Sources */ = {isa = PBXBuildFile; fileRef = A566D1EC2BCEA36700A1D4D5 /* HomeScreenView.swift */; };
		A566D1EF2BCEA36800A1D4D5 /* Assets.xcassets in Resources */ = {isa = PBXBuildFile; fileRef = A566D1EE2BCEA36800A1D4D5 /* Assets.xcassets */; };
		A566D1F22BCEA36800A1D4D5 /* Preview Assets.xcassets in Resources */ = {isa = PBXBuildFile; fileRef = A566D1F12BCEA36800A1D4D5 /* Preview Assets.xcassets */; };
		A566D1FF2BCEA47700A1D4D5 /* APIService.swift in Sources */ = {isa = PBXBuildFile; fileRef = A566D1FE2BCEA47700A1D4D5 /* APIService.swift */; };
		A566D2022BCEA57A00A1D4D5 /* Response.swift in Sources */ = {isa = PBXBuildFile; fileRef = A566D2012BCEA57A00A1D4D5 /* Response.swift */; };
		A566D2062BCEBEBB00A1D4D5 /* HomeScreenViewModel.swift in Sources */ = {isa = PBXBuildFile; fileRef = A566D2052BCEBEBB00A1D4D5 /* HomeScreenViewModel.swift */; };
		A5B54EA82BCFFE0C00783E32 /* AsyncCachedImage.swift in Sources */ = {isa = PBXBuildFile; fileRef = A5B54EA72BCFFE0C00783E32 /* AsyncCachedImage.swift */; };
		A5B54EAA2BD009DE00783E32 /* Error.swift in Sources */ = {isa = PBXBuildFile; fileRef = A5B54EA92BD009DE00783E32 /* Error.swift */; };
/* End PBXBuildFile section */

/* Begin PBXFileReference section */
		A566D1E72BCEA36700A1D4D5 /* Unsplash-Assignment.app */ = {isa = PBXFileReference; explicitFileType = wrapper.application; includeInIndex = 0; path = "Unsplash-Assignment.app"; sourceTree = BUILT_PRODUCTS_DIR; };
		A566D1EA2BCEA36700A1D4D5 /* Unsplash_AssignmentApp.swift */ = {isa = PBXFileReference; lastKnownFileType = sourcecode.swift; path = Unsplash_AssignmentApp.swift; sourceTree = "<group>"; };
		A566D1EC2BCEA36700A1D4D5 /* HomeScreenView.swift */ = {isa = PBXFileReference; lastKnownFileType = sourcecode.swift; path = HomeScreenView.swift; sourceTree = "<group>"; };
		A566D1EE2BCEA36800A1D4D5 /* Assets.xcassets */ = {isa = PBXFileReference; lastKnownFileType = folder.assetcatalog; path = Assets.xcassets; sourceTree = "<group>"; };
		A566D1F12BCEA36800A1D4D5 /* Preview Assets.xcassets */ = {isa = PBXFileReference; lastKnownFileType = folder.assetcatalog; path = "Preview Assets.xcassets"; sourceTree = "<group>"; };
		A566D1FE2BCEA47700A1D4D5 /* APIService.swift */ = {isa = PBXFileReference; lastKnownFileType = sourcecode.swift; path = APIService.swift; sourceTree = "<group>"; };
		A566D2012BCEA57A00A1D4D5 /* Response.swift */ = {isa = PBXFileReference; lastKnownFileType = sourcecode.swift; path = Response.swift; sourceTree = "<group>"; };
		A566D2052BCEBEBB00A1D4D5 /* HomeScreenViewModel.swift */ = {isa = PBXFileReference; lastKnownFileType = sourcecode.swift; path = HomeScreenViewModel.swift; sourceTree = "<group>"; };
		A5B54EA72BCFFE0C00783E32 /* AsyncCachedImage.swift */ = {isa = PBXFileReference; lastKnownFileType = sourcecode.swift; path = AsyncCachedImage.swift; sourceTree = "<group>"; };
		A5B54EA92BD009DE00783E32 /* Error.swift */ = {isa = PBXFileReference; lastKnownFileType = sourcecode.swift; path = Error.swift; sourceTree = "<group>"; };
/* End PBXFileReference section */

/* Begin PBXFrameworksBuildPhase section */
		A566D1E42BCEA36700A1D4D5 /* Frameworks */ = {
			isa = PBXFrameworksBuildPhase;
			buildActionMask = 2147483647;
			files = (
			);
			runOnlyForDeploymentPostprocessing = 0;
		};
/* End PBXFrameworksBuildPhase section */

/* Begin PBXGroup section */
		A566D1DE2BCEA36700A1D4D5 = {
			isa = PBXGroup;
			children = (
				A566D1E92BCEA36700A1D4D5 /* Unsplash-Assignment */,
				A566D1E82BCEA36700A1D4D5 /* Products */,
			);
			sourceTree = "<group>";
		};
		A566D1E82BCEA36700A1D4D5 /* Products */ = {
			isa = PBXGroup;
			children = (
				A566D1E72BCEA36700A1D4D5 /* Unsplash-Assignment.app */,
			);
			name = Products;
			sourceTree = "<group>";
		};
		A566D1E92BCEA36700A1D4D5 /* Unsplash-Assignment */ = {
			isa = PBXGroup;
			children = (
				A566D1EE2BCEA36800A1D4D5 /* Assets.xcassets */,
				A566D1FD2BCEA45200A1D4D5 /* API */,
				A566D1F82BCEA3EF00A1D4D5 /* App */,
				A566D1F92BCEA3F700A1D4D5 /* Core */,
				A5B54EA62BCFFDE600783E32 /* Extensions */,
				A566D2002BCEA56600A1D4D5 /* Models */,
				A566D1F02BCEA36800A1D4D5 /* Preview Content */,
			);
			path = "Unsplash-Assignment";
			sourceTree = "<group>";
		};
		A566D1F02BCEA36800A1D4D5 /* Preview Content */ = {
			isa = PBXGroup;
			children = (
				A566D1F12BCEA36800A1D4D5 /* Preview Assets.xcassets */,
			);
			path = "Preview Content";
			sourceTree = "<group>";
		};
		A566D1F82BCEA3EF00A1D4D5 /* App */ = {
			isa = PBXGroup;
			children = (
				A566D1EA2BCEA36700A1D4D5 /* Unsplash_AssignmentApp.swift */,
			);
			path = App;
			sourceTree = "<group>";
		};
		A566D1F92BCEA3F700A1D4D5 /* Core */ = {
			isa = PBXGroup;
			children = (
				A566D1FA2BCEA40500A1D4D5 /* HomeScreen */,
			);
			path = Core;
			sourceTree = "<group>";
		};
		A566D1FA2BCEA40500A1D4D5 /* HomeScreen */ = {
			isa = PBXGroup;
			children = (
				A566D1FC2BCEA42D00A1D4D5 /* ViewModel */,
				A566D1FB2BCEA41F00A1D4D5 /* Views */,
			);
			path = HomeScreen;
			sourceTree = "<group>";
		};
		A566D1FB2BCEA41F00A1D4D5 /* Views */ = {
			isa = PBXGroup;
			children = (
				A566D1EC2BCEA36700A1D4D5 /* HomeScreenView.swift */,
			);
			path = Views;
			sourceTree = "<group>";
		};
		A566D1FC2BCEA42D00A1D4D5 /* ViewModel */ = {
			isa = PBXGroup;
			children = (
				A566D2052BCEBEBB00A1D4D5 /* HomeScreenViewModel.swift */,
			);
			path = ViewModel;
			sourceTree = "<group>";
		};
		A566D1FD2BCEA45200A1D4D5 /* API */ = {
			isa = PBXGroup;
			children = (
				A566D1FE2BCEA47700A1D4D5 /* APIService.swift */,
			);
			path = API;
			sourceTree = "<group>";
		};
		A566D2002BCEA56600A1D4D5 /* Models */ = {
			isa = PBXGroup;
			children = (
				A5B54EA92BD009DE00783E32 /* Error.swift */,
				A566D2012BCEA57A00A1D4D5 /* Response.swift */,
			);
			path = Models;
			sourceTree = "<group>";
		};
		A5B54EA62BCFFDE600783E32 /* Extensions */ = {
			isa = PBXGroup;
			children = (
				A5B54EA72BCFFE0C00783E32 /* AsyncCachedImage.swift */,
			);
			path = Extensions;
			sourceTree = "<group>";
		};
/* End PBXGroup section */

/* Begin PBXNativeTarget section */
		A566D1E62BCEA36700A1D4D5 /* Unsplash-Assignment */ = {
			isa = PBXNativeTarget;
			buildConfigurationList = A566D1F52BCEA36800A1D4D5 /* Build configuration list for PBXNativeTarget "Unsplash-Assignment" */;
			buildPhases = (
				A566D1E32BCEA36700A1D4D5 /* Sources */,
				A566D1E42BCEA36700A1D4D5 /* Frameworks */,
				A566D1E52BCEA36700A1D4D5 /* Resources */,
			);
			buildRules = (
			);
			dependencies = (
			);
			name = "Unsplash-Assignment";
			productName = "Unsplash-Assignment";
			productReference = A566D1E72BCEA36700A1D4D5 /* Unsplash-Assignment.app */;
			productType = "com.apple.product-type.application";
		};
/* End PBXNativeTarget section */

/* Begin PBXProject section */
		A566D1DF2BCEA36700A1D4D5 /* Project object */ = {
			isa = PBXProject;
			attributes = {
				BuildIndependentTargetsInParallel = 1;
				LastSwiftUpdateCheck = 1530;
				LastUpgradeCheck = 1530;
				TargetAttributes = {
					A566D1E62BCEA36700A1D4D5 = {
						CreatedOnToolsVersion = 15.3;
					};
				};
			};
			buildConfigurationList = A566D1E22BCEA36700A1D4D5 /* Build configuration list for PBXProject "Unsplash-Assignment" */;
			compatibilityVersion = "Xcode 14.0";
			developmentRegion = en;
			hasScannedForEncodings = 0;
			knownRegions = (
				en,
				Base,
			);
			mainGroup = A566D1DE2BCEA36700A1D4D5;
			productRefGroup = A566D1E82BCEA36700A1D4D5 /* Products */;
			projectDirPath = "";
			projectRoot = "";
			targets = (
				A566D1E62BCEA36700A1D4D5 /* Unsplash-Assignment */,
			);
		};
/* End PBXProject section */

/* Begin PBXResourcesBuildPhase section */
		A566D1E52BCEA36700A1D4D5 /* Resources */ = {
			isa = PBXResourcesBuildPhase;
			buildActionMask = 2147483647;
			files = (
				A566D1F22BCEA36800A1D4D5 /* Preview Assets.xcassets in Resources */,
				A566D1EF2BCEA36800A1D4D5 /* Assets.xcassets in Resources */,
			);
			runOnlyForDeploymentPostprocessing = 0;
		};
/* End PBXResourcesBuildPhase section */

/* Begin PBXSourcesBuildPhase section */
		A566D1E32BCEA36700A1D4D5 /* Sources */ = {
			isa = PBXSourcesBuildPhase;
			buildActionMask = 2147483647;
			files = (
				A566D2022BCEA57A00A1D4D5 /* Response.swift in Sources */,
				A566D1ED2BCEA36700A1D4D5 /* HomeScreenView.swift in Sources */,
				A566D1FF2BCEA47700A1D4D5 /* APIService.swift in Sources */,
				A566D1EB2BCEA36700A1D4D5 /* Unsplash_AssignmentApp.swift in Sources */,
				A5B54EA82BCFFE0C00783E32 /* AsyncCachedImage.swift in Sources */,
				A566D2062BCEBEBB00A1D4D5 /* HomeScreenViewModel.swift in Sources */,
				A5B54EAA2BD009DE00783E32 /* Error.swift in Sources */,
			);
			runOnlyForDeploymentPostprocessing = 0;
		};
/* End PBXSourcesBuildPhase section */

/* Begin XCBuildConfiguration section */
		A566D1F32BCEA36800A1D4D5 /* Debug */ = {
			isa = XCBuildConfiguration;
			buildSettings = {
				ALWAYS_SEARCH_USER_PATHS = NO;
				ASSETCATALOG_COMPILER_GENERATE_SWIFT_ASSET_SYMBOL_EXTENSIONS = YES;
				CLANG_ANALYZER_NONNULL = YES;
				CLANG_ANALYZER_NUMBER_OBJECT_CONVERSION = YES_AGGRESSIVE;
				CLANG_CXX_LANGUAGE_STANDARD = "gnu++20";
				CLANG_ENABLE_MODULES = YES;
				CLANG_ENABLE_OBJC_ARC = YES;
				CLANG_ENABLE_OBJC_WEAK = YES;
				CLANG_WARN_BLOCK_CAPTURE_AUTORELEASING = YES;
				CLANG_WARN_BOOL_CONVERSION = YES;
				CLANG_WARN_COMMA = YES;
				CLANG_WARN_CONSTANT_CONVERSION = YES;
				CLANG_WARN_DEPRECATED_OBJC_IMPLEMENTATIONS = YES;
				CLANG_WARN_DIRECT_OBJC_ISA_USAGE = YES_ERROR;
				CLANG_WARN_DOCUMENTATION_COMMENTS = YES;
				CLANG_WARN_EMPTY_BODY = YES;
				CLANG_WARN_ENUM_CONVERSION = YES;
				CLANG_WARN_INFINITE_RECURSION = YES;
				CLANG_WARN_INT_CONVERSION = YES;
				CLANG_WARN_NON_LITERAL_NULL_CONVERSION = YES;
				CLANG_WARN_OBJC_IMPLICIT_RETAIN_SELF = YES;
				CLANG_WARN_OBJC_LITERAL_CONVERSION = YES;
				CLANG_WARN_OBJC_ROOT_CLASS = YES_ERROR;
				CLANG_WARN_QUOTED_INCLUDE_IN_FRAMEWORK_HEADER = YES;
				CLANG_WARN_RANGE_LOOP_ANALYSIS = YES;
				CLANG_WARN_STRICT_PROTOTYPES = YES;
				CLANG_WARN_SUSPICIOUS_MOVE = YES;
				CLANG_WARN_UNGUARDED_AVAILABILITY = YES_AGGRESSIVE;
				CLANG_WARN_UNREACHABLE_CODE = YES;
				CLANG_WARN__DUPLICATE_METHOD_MATCH = YES;
				COPY_PHASE_STRIP = NO;
				DEBUG_INFORMATION_FORMAT = dwarf;
				ENABLE_STRICT_OBJC_MSGSEND = YES;
				ENABLE_TESTABILITY = YES;
				ENABLE_USER_SCRIPT_SANDBOXING = YES;
				GCC_C_LANGUAGE_STANDARD = gnu17;
				GCC_DYNAMIC_NO_PIC = NO;
				GCC_NO_COMMON_BLOCKS = YES;
				GCC_OPTIMIZATION_LEVEL = 0;
				GCC_PREPROCESSOR_DEFINITIONS = (
					"DEBUG=1",
					"$(inherited)",
				);
				GCC_WARN_64_TO_32_BIT_CONVERSION = YES;
				GCC_WARN_ABOUT_RETURN_TYPE = YES_ERROR;
				GCC_WARN_UNDECLARED_SELECTOR = YES;
				GCC_WARN_UNINITIALIZED_AUTOS = YES_AGGRESSIVE;
				GCC_WARN_UNUSED_FUNCTION = YES;
				GCC_WARN_UNUSED_VARIABLE = YES;
				IPHONEOS_DEPLOYMENT_TARGET = 17.4;
				LOCALIZATION_PREFERS_STRING_CATALOGS = YES;
				MTL_ENABLE_DEBUG_INFO = INCLUDE_SOURCE;
				MTL_FAST_MATH = YES;
				ONLY_ACTIVE_ARCH = YES;
				SDKROOT = iphoneos;
				SWIFT_ACTIVE_COMPILATION_CONDITIONS = "DEBUG $(inherited)";
				SWIFT_OPTIMIZATION_LEVEL = "-Onone";
			};
			name = Debug;
		};
		A566D1F42BCEA36800A1D4D5 /* Release */ = {
			isa = XCBuildConfiguration;
			buildSettings = {
				ALWAYS_SEARCH_USER_PATHS = NO;
				ASSETCATALOG_COMPILER_GENERATE_SWIFT_ASSET_SYMBOL_EXTENSIONS = YES;
				CLANG_ANALYZER_NONNULL = YES;
				CLANG_ANALYZER_NUMBER_OBJECT_CONVERSION = YES_AGGRESSIVE;
				CLANG_CXX_LANGUAGE_STANDARD = "gnu++20";
				CLANG_ENABLE_MODULES = YES;
				CLANG_ENABLE_OBJC_ARC = YES;
				CLANG_ENABLE_OBJC_WEAK = YES;
				CLANG_WARN_BLOCK_CAPTURE_AUTORELEASING = YES;
				CLANG_WARN_BOOL_CONVERSION = YES;
				CLANG_WARN_COMMA = YES;
				CLANG_WARN_CONSTANT_CONVERSION = YES;
				CLANG_WARN_DEPRECATED_OBJC_IMPLEMENTATIONS = YES;
				CLANG_WARN_DIRECT_OBJC_ISA_USAGE = YES_ERROR;
				CLANG_WARN_DOCUMENTATION_COMMENTS = YES;
				CLANG_WARN_EMPTY_BODY = YES;
				CLANG_WARN_ENUM_CONVERSION = YES;
				CLANG_WARN_INFINITE_RECURSION = YES;
				CLANG_WARN_INT_CONVERSION = YES;
				CLANG_WARN_NON_LITERAL_NULL_CONVERSION = YES;
				CLANG_WARN_OBJC_IMPLICIT_RETAIN_SELF = YES;
				CLANG_WARN_OBJC_LITERAL_CONVERSION = YES;
				CLANG_WARN_OBJC_ROOT_CLASS = YES_ERROR;
				CLANG_WARN_QUOTED_INCLUDE_IN_FRAMEWORK_HEADER = YES;
				CLANG_WARN_RANGE_LOOP_ANALYSIS = YES;
				CLANG_WARN_STRICT_PROTOTYPES = YES;
				CLANG_WARN_SUSPICIOUS_MOVE = YES;
				CLANG_WARN_UNGUARDED_AVAILABILITY = YES_AGGRESSIVE;
				CLANG_WARN_UNREACHABLE_CODE = YES;
				CLANG_WARN__DUPLICATE_METHOD_MATCH = YES;
				COPY_PHASE_STRIP = NO;
				DEBUG_INFORMATION_FORMAT = "dwarf-with-dsym";
				ENABLE_NS_ASSERTIONS = NO;
				ENABLE_STRICT_OBJC_MSGSEND = YES;
				ENABLE_USER_SCRIPT_SANDBOXING = YES;
				GCC_C_LANGUAGE_STANDARD = gnu17;
				GCC_NO_COMMON_BLOCKS = YES;
				GCC_WARN_64_TO_32_BIT_CONVERSION = YES;
				GCC_WARN_ABOUT_RETURN_TYPE = YES_ERROR;
				GCC_WARN_UNDECLARED_SELECTOR = YES;
				GCC_WARN_UNINITIALIZED_AUTOS = YES_AGGRESSIVE;
				GCC_WARN_UNUSED_FUNCTION = YES;
				GCC_WARN_UNUSED_VARIABLE = YES;
				IPHONEOS_DEPLOYMENT_TARGET = 17.4;
				LOCALIZATION_PREFERS_STRING_CATALOGS = YES;
				MTL_ENABLE_DEBUG_INFO = NO;
				MTL_FAST_MATH = YES;
				SDKROOT = iphoneos;
				SWIFT_COMPILATION_MODE = wholemodule;
				VALIDATE_PRODUCT = YES;
			};
			name = Release;
		};
		A566D1F62BCEA36800A1D4D5 /* Debug */ = {
			isa = XCBuildConfiguration;
			buildSettings = {
				ASSETCATALOG_COMPILER_APPICON_NAME = AppIcon;
				ASSETCATALOG_COMPILER_GLOBAL_ACCENT_COLOR_NAME = AccentColor;
				CODE_SIGN_STYLE = Automatic;
				CURRENT_PROJECT_VERSION = 1;
				DEVELOPMENT_ASSET_PATHS = "\"Unsplash-Assignment/Preview Content\"";
				ENABLE_PREVIEWS = YES;
				GENERATE_INFOPLIST_FILE = YES;
				INFOPLIST_KEY_UIApplicationSceneManifest_Generation = YES;
				INFOPLIST_KEY_UIApplicationSupportsIndirectInputEvents = YES;
				INFOPLIST_KEY_UILaunchScreen_Generation = YES;
				INFOPLIST_KEY_UISupportedInterfaceOrientations_iPad = "UIInterfaceOrientationPortrait UIInterfaceOrientationPortraitUpsideDown UIInterfaceOrientationLandscapeLeft UIInterfaceOrientationLandscapeRight";
				INFOPLIST_KEY_UISupportedInterfaceOrientations_iPhone = "UIInterfaceOrientationPortrait UIInterfaceOrientationLandscapeLeft UIInterfaceOrientationLandscapeRight";
				LD_RUNPATH_SEARCH_PATHS = (
					"$(inherited)",
					"@executable_path/Frameworks",
				);
				MARKETING_VERSION = 1.0;
				PRODUCT_BUNDLE_IDENTIFIER = "com.ashwin.Unsplash-Assignment";
				PRODUCT_NAME = "$(TARGET_NAME)";
				SWIFT_EMIT_LOC_STRINGS = YES;
				SWIFT_VERSION = 5.0;
				TARGETED_DEVICE_FAMILY = "1,2";
			};
			name = Debug;
		};
		A566D1F72BCEA36800A1D4D5 /* Release */ = {
			isa = XCBuildConfiguration;
			buildSettings = {
				ASSETCATALOG_COMPILER_APPICON_NAME = AppIcon;
				ASSETCATALOG_COMPILER_GLOBAL_ACCENT_COLOR_NAME = AccentColor;
				CODE_SIGN_STYLE = Automatic;
				CURRENT_PROJECT_VERSION = 1;
				DEVELOPMENT_ASSET_PATHS = "\"Unsplash-Assignment/Preview Content\"";
				ENABLE_PREVIEWS = YES;
				GENERATE_INFOPLIST_FILE = YES;
				INFOPLIST_KEY_UIApplicationSceneManifest_Generation = YES;
				INFOPLIST_KEY_UIApplicationSupportsIndirectInputEvents = YES;
				INFOPLIST_KEY_UILaunchScreen_Generation = YES;
				INFOPLIST_KEY_UISupportedInterfaceOrientations_iPad = "UIInterfaceOrientationPortrait UIInterfaceOrientationPortraitUpsideDown UIInterfaceOrientationLandscapeLeft UIInterfaceOrientationLandscapeRight";
				INFOPLIST_KEY_UISupportedInterfaceOrientations_iPhone = "UIInterfaceOrientationPortrait UIInterfaceOrientationLandscapeLeft UIInterfaceOrientationLandscapeRight";
				LD_RUNPATH_SEARCH_PATHS = (
					"$(inherited)",
					"@executable_path/Frameworks",
				);
				MARKETING_VERSION = 1.0;
				PRODUCT_BUNDLE_IDENTIFIER = "com.ashwin.Unsplash-Assignment";
				PRODUCT_NAME = "$(TARGET_NAME)";
				SWIFT_EMIT_LOC_STRINGS = YES;
				SWIFT_VERSION = 5.0;
				TARGETED_DEVICE_FAMILY = "1,2";
			};
			name = Release;
		};
/* End XCBuildConfiguration section */

/* Begin XCConfigurationList section */
		A566D1E22BCEA36700A1D4D5 /* Build configuration list for PBXProject "Unsplash-Assignment" */ = {
			isa = XCConfigurationList;
			buildConfigurations = (
				A566D1F32BCEA36800A1D4D5 /* Debug */,
				A566D1F42BCEA36800A1D4D5 /* Release */,
			);
			defaultConfigurationIsVisible = 0;
			defaultConfigurationName = Release;
		};
		A566D1F52BCEA36800A1D4D5 /* Build configuration list for PBXNativeTarget "Unsplash-Assignment" */ = {
			isa = XCConfigurationList;
			buildConfigurations = (
				A566D1F62BCEA36800A1D4D5 /* Debug */,
				A566D1F72BCEA36800A1D4D5 /* Release */,
			);
			defaultConfigurationIsVisible = 0;
			defaultConfigurationName = Release;
		};
/* End XCConfigurationList section */
	};
	rootObject = A566D1DF2BCEA36700A1D4D5 /* Project object */;
}
